// !$*UTF8*$!
{
	archiveVersion = 1;
	classes = {
	};
	objectVersion = 56;
	objects = {

/* Begin PBXBuildFile section */
		555280FB2C0CA5F2006CE20A /* AppDelegate.swift in Sources */ = {isa = PBXBuildFile; fileRef = 555280FA2C0CA5F2006CE20A /* AppDelegate.swift */; };
		555280FD2C0CA5F2006CE20A /* SceneDelegate.swift in Sources */ = {isa = PBXBuildFile; fileRef = 555280FC2C0CA5F2006CE20A /* SceneDelegate.swift */; };
		555280FF2C0CA5F2006CE20A /* ViewController.swift in Sources */ = {isa = PBXBuildFile; fileRef = 555280FE2C0CA5F2006CE20A /* ViewController.swift */; };
		555281042C0CA5F2006CE20A /* Assets.xcassets in Resources */ = {isa = PBXBuildFile; fileRef = 555281032C0CA5F2006CE20A /* Assets.xcassets */; };
		555281072C0CA5F2006CE20A /* Base in Resources */ = {isa = PBXBuildFile; fileRef = 555281062C0CA5F2006CE20A /* Base */; };
		558C47A32C0CAFE9002A5302 /* Then in Frameworks */ = {isa = PBXBuildFile; productRef = 558C47A22C0CAFE9002A5302 /* Then */; };
		558C47A62C0CB007002A5302 /* SnapKit in Frameworks */ = {isa = PBXBuildFile; productRef = 558C47A52C0CB007002A5302 /* SnapKit */; };
		559E4C322C11A24800721315 /* Button.swift in Sources */ = {isa = PBXBuildFile; fileRef = 559E4C312C11A24800721315 /* Button.swift */; };
		559E4C342C11A3E100721315 /* TextField.swift in Sources */ = {isa = PBXBuildFile; fileRef = 559E4C332C11A3E100721315 /* TextField.swift */; };
/* End PBXBuildFile section */

/* Begin PBXFileReference section */
		555280F72C0CA5F2006CE20A /* iOS-study.app */ = {isa = PBXFileReference; explicitFileType = wrapper.application; includeInIndex = 0; path = "iOS-study.app"; sourceTree = BUILT_PRODUCTS_DIR; };
		555280FA2C0CA5F2006CE20A /* AppDelegate.swift */ = {isa = PBXFileReference; lastKnownFileType = sourcecode.swift; path = AppDelegate.swift; sourceTree = "<group>"; };
		555280FC2C0CA5F2006CE20A /* SceneDelegate.swift */ = {isa = PBXFileReference; lastKnownFileType = sourcecode.swift; path = SceneDelegate.swift; sourceTree = "<group>"; };
		555280FE2C0CA5F2006CE20A /* ViewController.swift */ = {isa = PBXFileReference; lastKnownFileType = sourcecode.swift; path = ViewController.swift; sourceTree = "<group>"; };
		555281032C0CA5F2006CE20A /* Assets.xcassets */ = {isa = PBXFileReference; lastKnownFileType = folder.assetcatalog; path = Assets.xcassets; sourceTree = "<group>"; };
		555281062C0CA5F2006CE20A /* Base */ = {isa = PBXFileReference; lastKnownFileType = file.storyboard; name = Base; path = Base.lproj/LaunchScreen.storyboard; sourceTree = "<group>"; };
		555281082C0CA5F2006CE20A /* Info.plist */ = {isa = PBXFileReference; lastKnownFileType = text.plist.xml; path = Info.plist; sourceTree = "<group>"; };
		559E4C312C11A24800721315 /* Button.swift */ = {isa = PBXFileReference; lastKnownFileType = sourcecode.swift; path = Button.swift; sourceTree = "<group>"; };
		559E4C332C11A3E100721315 /* TextField.swift */ = {isa = PBXFileReference; lastKnownFileType = sourcecode.swift; path = TextField.swift; sourceTree = "<group>"; };
/* End PBXFileReference section */

/* Begin PBXFrameworksBuildPhase section */
		555280F42C0CA5F2006CE20A /* Frameworks */ = {
			isa = PBXFrameworksBuildPhase;
			buildActionMask = 2147483647;
			files = (
				558C47A32C0CAFE9002A5302 /* Then in Frameworks */,
				558C47A62C0CB007002A5302 /* SnapKit in Frameworks */,
			);
			runOnlyForDeploymentPostprocessing = 0;
		};
/* End PBXFrameworksBuildPhase section */

/* Begin PBXGroup section */
		555280EE2C0CA5F2006CE20A = {
			isa = PBXGroup;
			children = (
				555280F92C0CA5F2006CE20A /* iOS-study */,
				555280F82C0CA5F2006CE20A /* Products */,
			);
			sourceTree = "<group>";
		};
		555280F82C0CA5F2006CE20A /* Products */ = {
			isa = PBXGroup;
			children = (
				555280F72C0CA5F2006CE20A /* iOS-study.app */,
			);
			name = Products;
			sourceTree = "<group>";
		};
		555280F92C0CA5F2006CE20A /* iOS-study */ = {
			isa = PBXGroup;
			children = (
				555280FA2C0CA5F2006CE20A /* AppDelegate.swift */,
				555280FC2C0CA5F2006CE20A /* SceneDelegate.swift */,
				555280FE2C0CA5F2006CE20A /* ViewController.swift */,
				555281032C0CA5F2006CE20A /* Assets.xcassets */,
				559E4C332C11A3E100721315 /* TextField.swift */,
				555281052C0CA5F2006CE20A /* LaunchScreen.storyboard */,
				555281082C0CA5F2006CE20A /* Info.plist */,
				559E4C312C11A24800721315 /* Button.swift */,
			);
			path = "iOS-study";
			sourceTree = "<group>";
		};
/* End PBXGroup section */

/* Begin PBXNativeTarget section */
		555280F62C0CA5F2006CE20A /* iOS-study */ = {
			isa = PBXNativeTarget;
			buildConfigurationList = 5552810B2C0CA5F2006CE20A /* Build configuration list for PBXNativeTarget "iOS-study" */;
			buildPhases = (
				555280F32C0CA5F2006CE20A /* Sources */,
				555280F42C0CA5F2006CE20A /* Frameworks */,
				555280F52C0CA5F2006CE20A /* Resources */,
			);
			buildRules = (
			);
			dependencies = (
			);
			name = "iOS-study";
			packageProductDependencies = (
				558C47A22C0CAFE9002A5302 /* Then */,
				558C47A52C0CB007002A5302 /* SnapKit */,
			);
			productName = "iOS-study";
			productReference = 555280F72C0CA5F2006CE20A /* iOS-study.app */;
			productType = "com.apple.product-type.application";
		};
/* End PBXNativeTarget section */

/* Begin PBXProject section */
		555280EF2C0CA5F2006CE20A /* Project object */ = {
			isa = PBXProject;
			attributes = {
				BuildIndependentTargetsInParallel = 1;
				LastSwiftUpdateCheck = 1540;
				LastUpgradeCheck = 1540;
				TargetAttributes = {
					555280F62C0CA5F2006CE20A = {
						CreatedOnToolsVersion = 15.4;
					};
				};
			};
			buildConfigurationList = 555280F22C0CA5F2006CE20A /* Build configuration list for PBXProject "iOS-study design-system" */;
			compatibilityVersion = "Xcode 14.0";
			developmentRegion = en;
			hasScannedForEncodings = 0;
			knownRegions = (
				en,
				Base,
			);
			mainGroup = 555280EE2C0CA5F2006CE20A;
			packageReferences = (
				558C47A12C0CAFE9002A5302 /* XCRemoteSwiftPackageReference "Then" */,
				558C47A42C0CB007002A5302 /* XCRemoteSwiftPackageReference "SnapKit" */,
			);
			productRefGroup = 555280F82C0CA5F2006CE20A /* Products */;
			projectDirPath = "";
			projectRoot = "";
			targets = (
				555280F62C0CA5F2006CE20A /* iOS-study */,
			);
		};
/* End PBXProject section */

/* Begin PBXResourcesBuildPhase section */
		555280F52C0CA5F2006CE20A /* Resources */ = {
			isa = PBXResourcesBuildPhase;
			buildActionMask = 2147483647;
			files = (
				555281042C0CA5F2006CE20A /* Assets.xcassets in Resources */,
				555281072C0CA5F2006CE20A /* Base in Resources */,
			);
			runOnlyForDeploymentPostprocessing = 0;
		};
/* End PBXResourcesBuildPhase section */

/* Begin PBXSourcesBuildPhase section */
		555280F32C0CA5F2006CE20A /* Sources */ = {
			isa = PBXSourcesBuildPhase;
			buildActionMask = 2147483647;
			files = (
				555280FF2C0CA5F2006CE20A /* ViewController.swift in Sources */,
				555280FB2C0CA5F2006CE20A /* AppDelegate.swift in Sources */,
				555280FD2C0CA5F2006CE20A /* SceneDelegate.swift in Sources */,
				559E4C342C11A3E100721315 /* TextField.swift in Sources */,
				559E4C322C11A24800721315 /* Button.swift in Sources */,
			);
			runOnlyForDeploymentPostprocessing = 0;
		};
/* End PBXSourcesBuildPhase section */

/* Begin PBXVariantGroup section */
		555281052C0CA5F2006CE20A /* LaunchScreen.storyboard */ = {
			isa = PBXVariantGroup;
			children = (
				555281062C0CA5F2006CE20A /* Base */,
			);
			name = LaunchScreen.storyboard;
			sourceTree = "<group>";
		};
/* End PBXVariantGroup section */

/* Begin XCBuildConfiguration section */
		555281092C0CA5F2006CE20A /* Debug */ = {
			isa = XCBuildConfiguration;
			buildSettings = {
				ALWAYS_SEARCH_USER_PATHS = NO;
				ASSETCATALOG_COMPILER_GENERATE_SWIFT_ASSET_SYMBOL_EXTENSIONS = YES;
				CLANG_ANALYZER_NONNULL = YES;
				CLANG_ANALYZER_NUMBER_OBJECT_CONVERSION = YES_AGGRESSIVE;
				CLANG_CXX_LANGUAGE_STANDARD = "gnu++20";
				CLANG_ENABLE_MODULES = YES;
				CLANG_ENABLE_OBJC_ARC = YES;
				CLANG_ENABLE_OBJC_WEAK = YES;
				CLANG_WARN_BLOCK_CAPTURE_AUTORELEASING = YES;
				CLANG_WARN_BOOL_CONVERSION = YES;
				CLANG_WARN_COMMA = YES;
				CLANG_WARN_CONSTANT_CONVERSION = YES;
				CLANG_WARN_DEPRECATED_OBJC_IMPLEMENTATIONS = YES;
				CLANG_WARN_DIRECT_OBJC_ISA_USAGE = YES_ERROR;
				CLANG_WARN_DOCUMENTATION_COMMENTS = YES;
				CLANG_WARN_EMPTY_BODY = YES;
				CLANG_WARN_ENUM_CONVERSION = YES;
				CLANG_WARN_INFINITE_RECURSION = YES;
				CLANG_WARN_INT_CONVERSION = YES;
				CLANG_WARN_NON_LITERAL_NULL_CONVERSION = YES;
				CLANG_WARN_OBJC_IMPLICIT_RETAIN_SELF = YES;
				CLANG_WARN_OBJC_LITERAL_CONVERSION = YES;
				CLANG_WARN_OBJC_ROOT_CLASS = YES_ERROR;
				CLANG_WARN_QUOTED_INCLUDE_IN_FRAMEWORK_HEADER = YES;
				CLANG_WARN_RANGE_LOOP_ANALYSIS = YES;
				CLANG_WARN_STRICT_PROTOTYPES = YES;
				CLANG_WARN_SUSPICIOUS_MOVE = YES;
				CLANG_WARN_UNGUARDED_AVAILABILITY = YES_AGGRESSIVE;
				CLANG_WARN_UNREACHABLE_CODE = YES;
				CLANG_WARN__DUPLICATE_METHOD_MATCH = YES;
				COPY_PHASE_STRIP = NO;
				DEBUG_INFORMATION_FORMAT = dwarf;
				ENABLE_STRICT_OBJC_MSGSEND = YES;
				ENABLE_TESTABILITY = YES;
				ENABLE_USER_SCRIPT_SANDBOXING = YES;
				GCC_C_LANGUAGE_STANDARD = gnu17;
				GCC_DYNAMIC_NO_PIC = NO;
				GCC_NO_COMMON_BLOCKS = YES;
				GCC_OPTIMIZATION_LEVEL = 0;
				GCC_PREPROCESSOR_DEFINITIONS = (
					"DEBUG=1",
					"$(inherited)",
				);
				GCC_WARN_64_TO_32_BIT_CONVERSION = YES;
				GCC_WARN_ABOUT_RETURN_TYPE = YES_ERROR;
				GCC_WARN_UNDECLARED_SELECTOR = YES;
				GCC_WARN_UNINITIALIZED_AUTOS = YES_AGGRESSIVE;
				GCC_WARN_UNUSED_FUNCTION = YES;
				GCC_WARN_UNUSED_VARIABLE = YES;
				IBSC_FLATTEN_NIBS = NO;
				IPHONEOS_DEPLOYMENT_TARGET = 17.5;
				LOCALIZATION_PREFERS_STRING_CATALOGS = YES;
				MTL_ENABLE_DEBUG_INFO = INCLUDE_SOURCE;
				MTL_FAST_MATH = YES;
				ONLY_ACTIVE_ARCH = YES;
				SDKROOT = iphoneos;
				SWIFT_ACTIVE_COMPILATION_CONDITIONS = "DEBUG $(inherited)";
				SWIFT_OPTIMIZATION_LEVEL = "-Onone";
			};
			name = Debug;
		};
		5552810A2C0CA5F2006CE20A /* Release */ = {
			isa = XCBuildConfiguration;
			buildSettings = {
				ALWAYS_SEARCH_USER_PATHS = NO;
				ASSETCATALOG_COMPILER_GENERATE_SWIFT_ASSET_SYMBOL_EXTENSIONS = YES;
				CLANG_ANALYZER_NONNULL = YES;
				CLANG_ANALYZER_NUMBER_OBJECT_CONVERSION = YES_AGGRESSIVE;
				CLANG_CXX_LANGUAGE_STANDARD = "gnu++20";
				CLANG_ENABLE_MODULES = YES;
				CLANG_ENABLE_OBJC_ARC = YES;
				CLANG_ENABLE_OBJC_WEAK = YES;
				CLANG_WARN_BLOCK_CAPTURE_AUTORELEASING = YES;
				CLANG_WARN_BOOL_CONVERSION = YES;
				CLANG_WARN_COMMA = YES;
				CLANG_WARN_CONSTANT_CONVERSION = YES;
				CLANG_WARN_DEPRECATED_OBJC_IMPLEMENTATIONS = YES;
				CLANG_WARN_DIRECT_OBJC_ISA_USAGE = YES_ERROR;
				CLANG_WARN_DOCUMENTATION_COMMENTS = YES;
				CLANG_WARN_EMPTY_BODY = YES;
				CLANG_WARN_ENUM_CONVERSION = YES;
				CLANG_WARN_INFINITE_RECURSION = YES;
				CLANG_WARN_INT_CONVERSION = YES;
				CLANG_WARN_NON_LITERAL_NULL_CONVERSION = YES;
				CLANG_WARN_OBJC_IMPLICIT_RETAIN_SELF = YES;
				CLANG_WARN_OBJC_LITERAL_CONVERSION = YES;
				CLANG_WARN_OBJC_ROOT_CLASS = YES_ERROR;
				CLANG_WARN_QUOTED_INCLUDE_IN_FRAMEWORK_HEADER = YES;
				CLANG_WARN_RANGE_LOOP_ANALYSIS = YES;
				CLANG_WARN_STRICT_PROTOTYPES = YES;
				CLANG_WARN_SUSPICIOUS_MOVE = YES;
				CLANG_WARN_UNGUARDED_AVAILABILITY = YES_AGGRESSIVE;
				CLANG_WARN_UNREACHABLE_CODE = YES;
				CLANG_WARN__DUPLICATE_METHOD_MATCH = YES;
				COPY_PHASE_STRIP = NO;
				DEBUG_INFORMATION_FORMAT = "dwarf-with-dsym";
				ENABLE_NS_ASSERTIONS = NO;
				ENABLE_STRICT_OBJC_MSGSEND = YES;
				ENABLE_USER_SCRIPT_SANDBOXING = YES;
				GCC_C_LANGUAGE_STANDARD = gnu17;
				GCC_NO_COMMON_BLOCKS = YES;
				GCC_WARN_64_TO_32_BIT_CONVERSION = YES;
				GCC_WARN_ABOUT_RETURN_TYPE = YES_ERROR;
				GCC_WARN_UNDECLARED_SELECTOR = YES;
				GCC_WARN_UNINITIALIZED_AUTOS = YES_AGGRESSIVE;
				GCC_WARN_UNUSED_FUNCTION = YES;
				GCC_WARN_UNUSED_VARIABLE = YES;
				IBSC_FLATTEN_NIBS = NO;
				IPHONEOS_DEPLOYMENT_TARGET = 17.5;
				LOCALIZATION_PREFERS_STRING_CATALOGS = YES;
				MTL_ENABLE_DEBUG_INFO = NO;
				MTL_FAST_MATH = YES;
				SDKROOT = iphoneos;
				SWIFT_COMPILATION_MODE = wholemodule;
				VALIDATE_PRODUCT = YES;
			};
			name = Release;
		};
		5552810C2C0CA5F2006CE20A /* Debug */ = {
			isa = XCBuildConfiguration;
			buildSettings = {
				ASSETCATALOG_COMPILER_APPICON_NAME = AppIcon;
				ASSETCATALOG_COMPILER_GLOBAL_ACCENT_COLOR_NAME = AccentColor;
				CODE_SIGN_STYLE = Automatic;
				CURRENT_PROJECT_VERSION = 1;
				GENERATE_INFOPLIST_FILE = YES;
				IBSC_FLATTEN_NIBS = NO;
				INFOPLIST_FILE = "iOS-study/Info.plist";
				INFOPLIST_KEY_UIApplicationSupportsIndirectInputEvents = YES;
				INFOPLIST_KEY_UILaunchStoryboardName = LaunchScreen;
				INFOPLIST_KEY_UISupportedInterfaceOrientations_iPad = "UIInterfaceOrientationPortrait UIInterfaceOrientationPortraitUpsideDown UIInterfaceOrientationLandscapeLeft UIInterfaceOrientationLandscapeRight";
				INFOPLIST_KEY_UISupportedInterfaceOrientations_iPhone = "UIInterfaceOrientationPortrait UIInterfaceOrientationLandscapeLeft UIInterfaceOrientationLandscapeRight";
				LD_RUNPATH_SEARCH_PATHS = (
					"$(inherited)",
					"@executable_path/Frameworks",
				);
				MARKETING_VERSION = 1.0;
				PRODUCT_BUNDLE_IDENTIFIER = "iOS.iOS-study";
				PRODUCT_NAME = "$(TARGET_NAME)";
				SWIFT_EMIT_LOC_STRINGS = YES;
				SWIFT_VERSION = 5.0;
				TARGETED_DEVICE_FAMILY = "1,2";
			};
			name = Debug;
		};
		5552810D2C0CA5F2006CE20A /* Release */ = {
			isa = XCBuildConfiguration;
			buildSettings = {
				ASSETCATALOG_COMPILER_APPICON_NAME = AppIcon;
				ASSETCATALOG_COMPILER_GLOBAL_ACCENT_COLOR_NAME = AccentColor;
				CODE_SIGN_STYLE = Automatic;
				CURRENT_PROJECT_VERSION = 1;
				GENERATE_INFOPLIST_FILE = YES;
				IBSC_FLATTEN_NIBS = NO;
				INFOPLIST_FILE = "iOS-study/Info.plist";
				INFOPLIST_KEY_UIApplicationSupportsIndirectInputEvents = YES;
				INFOPLIST_KEY_UILaunchStoryboardName = LaunchScreen;
				INFOPLIST_KEY_UISupportedInterfaceOrientations_iPad = "UIInterfaceOrientationPortrait UIInterfaceOrientationPortraitUpsideDown UIInterfaceOrientationLandscapeLeft UIInterfaceOrientationLandscapeRight";
				INFOPLIST_KEY_UISupportedInterfaceOrientations_iPhone = "UIInterfaceOrientationPortrait UIInterfaceOrientationLandscapeLeft UIInterfaceOrientationLandscapeRight";
				LD_RUNPATH_SEARCH_PATHS = (
					"$(inherited)",
					"@executable_path/Frameworks",
				);
				MARKETING_VERSION = 1.0;
				PRODUCT_BUNDLE_IDENTIFIER = "iOS.iOS-study";
				PRODUCT_NAME = "$(TARGET_NAME)";
				SWIFT_EMIT_LOC_STRINGS = YES;
				SWIFT_VERSION = 5.0;
				TARGETED_DEVICE_FAMILY = "1,2";
			};
			name = Release;
		};
/* End XCBuildConfiguration section */

/* Begin XCConfigurationList section */
		555280F22C0CA5F2006CE20A /* Build configuration list for PBXProject "iOS-study design-system" */ = {
			isa = XCConfigurationList;
			buildConfigurations = (
				555281092C0CA5F2006CE20A /* Debug */,
				5552810A2C0CA5F2006CE20A /* Release */,
			);
			defaultConfigurationIsVisible = 0;
			defaultConfigurationName = Release;
		};
		5552810B2C0CA5F2006CE20A /* Build configuration list for PBXNativeTarget "iOS-study" */ = {
			isa = XCConfigurationList;
			buildConfigurations = (
				5552810C2C0CA5F2006CE20A /* Debug */,
				5552810D2C0CA5F2006CE20A /* Release */,
			);
			defaultConfigurationIsVisible = 0;
			defaultConfigurationName = Release;
		};
/* End XCConfigurationList section */

/* Begin XCRemoteSwiftPackageReference section */
		558C47A12C0CAFE9002A5302 /* XCRemoteSwiftPackageReference "Then" */ = {
			isa = XCRemoteSwiftPackageReference;
			repositoryURL = "https://github.com/devxoul/Then";
			requirement = {
				kind = upToNextMajorVersion;
				minimumVersion = 3.0.0;
			};
		};
		558C47A42C0CB007002A5302 /* XCRemoteSwiftPackageReference "SnapKit" */ = {
			isa = XCRemoteSwiftPackageReference;
			repositoryURL = "https://github.com/SnapKit/SnapKit";
			requirement = {
				kind = upToNextMajorVersion;
				minimumVersion = 5.7.1;
			};
		};
/* End XCRemoteSwiftPackageReference section */

/* Begin XCSwiftPackageProductDependency section */
		558C47A22C0CAFE9002A5302 /* Then */ = {
			isa = XCSwiftPackageProductDependency;
			package = 558C47A12C0CAFE9002A5302 /* XCRemoteSwiftPackageReference "Then" */;
			productName = Then;
		};
		558C47A52C0CB007002A5302 /* SnapKit */ = {
			isa = XCSwiftPackageProductDependency;
			package = 558C47A42C0CB007002A5302 /* XCRemoteSwiftPackageReference "SnapKit" */;
			productName = SnapKit;
		};
/* End XCSwiftPackageProductDependency section */
	};
	rootObject = 555280EF2C0CA5F2006CE20A /* Project object */;
}
