// !$*UTF8*$!
{
	archiveVersion = 1;
	classes = {
	};
	objectVersion = 56;
	objects = {

/* Begin PBXBuildFile section */
		5570054F2BF98AC500CC0337 /* Checkbox.swift in Sources */ = {isa = PBXBuildFile; fileRef = 5570054E2BF98AC500CC0337 /* Checkbox.swift */; };
		5581A98F2BF8D60F00E0BCE9 /* TodoListTableViewCell.swift in Sources */ = {isa = PBXBuildFile; fileRef = 5581A98E2BF8D60F00E0BCE9 /* TodoListTableViewCell.swift */; };
		55A5229B2BF10861004DBA3B /* AppDelegate.swift in Sources */ = {isa = PBXBuildFile; fileRef = 55A5229A2BF10861004DBA3B /* AppDelegate.swift */; };
		55A5229D2BF10861004DBA3B /* SceneDelegate.swift in Sources */ = {isa = PBXBuildFile; fileRef = 55A5229C2BF10861004DBA3B /* SceneDelegate.swift */; };
		55A5229F2BF10861004DBA3B /* ViewController.swift in Sources */ = {isa = PBXBuildFile; fileRef = 55A5229E2BF10861004DBA3B /* ViewController.swift */; };
		55A522A42BF10862004DBA3B /* Assets.xcassets in Resources */ = {isa = PBXBuildFile; fileRef = 55A522A32BF10862004DBA3B /* Assets.xcassets */; };
		55A522A72BF10862004DBA3B /* Base in Resources */ = {isa = PBXBuildFile; fileRef = 55A522A62BF10862004DBA3B /* Base */; };
		55E590F42BF796DC00EEF68C /* MainViewController.swift in Sources */ = {isa = PBXBuildFile; fileRef = 55E590F32BF796DC00EEF68C /* MainViewController.swift */; };
		9F6BE737C01B187BB13D178F /* Pods_ToDoListhps.framework in Frameworks */ = {isa = PBXBuildFile; fileRef = 973E98AC8269689AE39DE76F /* Pods_ToDoListhps.framework */; };
/* End PBXBuildFile section */

/* Begin PBXFileReference section */
		1039095AFE48C3267D8823DA /* Pods-ToDoListhps.debug.xcconfig */ = {isa = PBXFileReference; includeInIndex = 1; lastKnownFileType = text.xcconfig; name = "Pods-ToDoListhps.debug.xcconfig"; path = "Target Support Files/Pods-ToDoListhps/Pods-ToDoListhps.debug.xcconfig"; sourceTree = "<group>"; };
		34DDF58F4A6C3AF9C7F74B55 /* Pods-ToDoListhps.release.xcconfig */ = {isa = PBXFileReference; includeInIndex = 1; lastKnownFileType = text.xcconfig; name = "Pods-ToDoListhps.release.xcconfig"; path = "Target Support Files/Pods-ToDoListhps/Pods-ToDoListhps.release.xcconfig"; sourceTree = "<group>"; };
		5570054E2BF98AC500CC0337 /* Checkbox.swift */ = {isa = PBXFileReference; lastKnownFileType = sourcecode.swift; path = Checkbox.swift; sourceTree = "<group>"; };
		5581A98E2BF8D60F00E0BCE9 /* TodoListTableViewCell.swift */ = {isa = PBXFileReference; lastKnownFileType = sourcecode.swift; path = TodoListTableViewCell.swift; sourceTree = "<group>"; };
		55A522972BF10861004DBA3B /* ToDoListhps.app */ = {isa = PBXFileReference; explicitFileType = wrapper.application; includeInIndex = 0; path = ToDoListhps.app; sourceTree = BUILT_PRODUCTS_DIR; };
		55A5229A2BF10861004DBA3B /* AppDelegate.swift */ = {isa = PBXFileReference; lastKnownFileType = sourcecode.swift; path = AppDelegate.swift; sourceTree = "<group>"; };
		55A5229C2BF10861004DBA3B /* SceneDelegate.swift */ = {isa = PBXFileReference; lastKnownFileType = sourcecode.swift; path = SceneDelegate.swift; sourceTree = "<group>"; };
		55A5229E2BF10861004DBA3B /* ViewController.swift */ = {isa = PBXFileReference; lastKnownFileType = sourcecode.swift; path = ViewController.swift; sourceTree = "<group>"; };
		55A522A32BF10862004DBA3B /* Assets.xcassets */ = {isa = PBXFileReference; lastKnownFileType = folder.assetcatalog; path = Assets.xcassets; sourceTree = "<group>"; };
		55A522A62BF10862004DBA3B /* Base */ = {isa = PBXFileReference; lastKnownFileType = file.storyboard; name = Base; path = Base.lproj/LaunchScreen.storyboard; sourceTree = "<group>"; };
		55A522A82BF10862004DBA3B /* Info.plist */ = {isa = PBXFileReference; lastKnownFileType = text.plist.xml; path = Info.plist; sourceTree = "<group>"; };
		55E590F32BF796DC00EEF68C /* MainViewController.swift */ = {isa = PBXFileReference; lastKnownFileType = sourcecode.swift; path = MainViewController.swift; sourceTree = "<group>"; };
		973E98AC8269689AE39DE76F /* Pods_ToDoListhps.framework */ = {isa = PBXFileReference; explicitFileType = wrapper.framework; includeInIndex = 0; path = Pods_ToDoListhps.framework; sourceTree = BUILT_PRODUCTS_DIR; };
/* End PBXFileReference section */

/* Begin PBXFrameworksBuildPhase section */
		55A522942BF10861004DBA3B /* Frameworks */ = {
			isa = PBXFrameworksBuildPhase;
			buildActionMask = 2147483647;
			files = (
				9F6BE737C01B187BB13D178F /* Pods_ToDoListhps.framework in Frameworks */,
			);
			runOnlyForDeploymentPostprocessing = 0;
		};
/* End PBXFrameworksBuildPhase section */

/* Begin PBXGroup section */
		55A5228E2BF10861004DBA3B = {
			isa = PBXGroup;
			children = (
				55A522992BF10861004DBA3B /* ToDoListhps */,
				55A522982BF10861004DBA3B /* Products */,
				FBD656F361192324290A5E97 /* Pods */,
				763A42CAF1EF4B67ACC20A07 /* Frameworks */,
			);
			sourceTree = "<group>";
		};
		55A522982BF10861004DBA3B /* Products */ = {
			isa = PBXGroup;
			children = (
				55A522972BF10861004DBA3B /* ToDoListhps.app */,
			);
			name = Products;
			sourceTree = "<group>";
		};
		55A522992BF10861004DBA3B /* ToDoListhps */ = {
			isa = PBXGroup;
			children = (
				5581A98E2BF8D60F00E0BCE9 /* TodoListTableViewCell.swift */,
				55A5229C2BF10861004DBA3B /* SceneDelegate.swift */,
				55A5229A2BF10861004DBA3B /* AppDelegate.swift */,
				55A5229E2BF10861004DBA3B /* ViewController.swift */,
				55A522A32BF10862004DBA3B /* Assets.xcassets */,
				55A522A52BF10862004DBA3B /* LaunchScreen.storyboard */,
				55A522A82BF10862004DBA3B /* Info.plist */,
				55E590F32BF796DC00EEF68C /* MainViewController.swift */,
				5570054E2BF98AC500CC0337 /* Checkbox.swift */,
			);
			path = ToDoListhps;
			sourceTree = "<group>";
		};
		763A42CAF1EF4B67ACC20A07 /* Frameworks */ = {
			isa = PBXGroup;
			children = (
				973E98AC8269689AE39DE76F /* Pods_ToDoListhps.framework */,
			);
			name = Frameworks;
			sourceTree = "<group>";
		};
		FBD656F361192324290A5E97 /* Pods */ = {
			isa = PBXGroup;
			children = (
				1039095AFE48C3267D8823DA /* Pods-ToDoListhps.debug.xcconfig */,
				34DDF58F4A6C3AF9C7F74B55 /* Pods-ToDoListhps.release.xcconfig */,
			);
			path = Pods;
			sourceTree = "<group>";
		};
/* End PBXGroup section */

/* Begin PBXNativeTarget section */
		55A522962BF10861004DBA3B /* ToDoListhps */ = {
			isa = PBXNativeTarget;
			buildConfigurationList = 55A522AB2BF10862004DBA3B /* Build configuration list for PBXNativeTarget "ToDoListhps" */;
			buildPhases = (
				05BA0F7A723371A4ECC7FC31 /* [CP] Check Pods Manifest.lock */,
				55A522932BF10861004DBA3B /* Sources */,
				55A522942BF10861004DBA3B /* Frameworks */,
				55A522952BF10861004DBA3B /* Resources */,
				C9055587EC5EBFDC9170E6C1 /* [CP] Embed Pods Frameworks */,
			);
			buildRules = (
			);
			dependencies = (
			);
			name = ToDoListhps;
			productName = ToDoListhps;
			productReference = 55A522972BF10861004DBA3B /* ToDoListhps.app */;
			productType = "com.apple.product-type.application";
		};
/* End PBXNativeTarget section */

/* Begin PBXProject section */
		55A5228F2BF10861004DBA3B /* Project object */ = {
			isa = PBXProject;
			attributes = {
				BuildIndependentTargetsInParallel = 1;
				LastSwiftUpdateCheck = 1530;
				LastUpgradeCheck = 1530;
				TargetAttributes = {
					55A522962BF10861004DBA3B = {
						CreatedOnToolsVersion = 15.3;
					};
				};
			};
			buildConfigurationList = 55A522922BF10861004DBA3B /* Build configuration list for PBXProject "ToDoListhps" */;
			compatibilityVersion = "Xcode 14.0";
			developmentRegion = en;
			hasScannedForEncodings = 0;
			knownRegions = (
				en,
				Base,
			);
			mainGroup = 55A5228E2BF10861004DBA3B;
			productRefGroup = 55A522982BF10861004DBA3B /* Products */;
			projectDirPath = "";
			projectRoot = "";
			targets = (
				55A522962BF10861004DBA3B /* ToDoListhps */,
			);
		};
/* End PBXProject section */

/* Begin PBXResourcesBuildPhase section */
		55A522952BF10861004DBA3B /* Resources */ = {
			isa = PBXResourcesBuildPhase;
			buildActionMask = 2147483647;
			files = (
				55A522A42BF10862004DBA3B /* Assets.xcassets in Resources */,
				55A522A72BF10862004DBA3B /* Base in Resources */,
			);
			runOnlyForDeploymentPostprocessing = 0;
		};
/* End PBXResourcesBuildPhase section */

/* Begin PBXShellScriptBuildPhase section */
		05BA0F7A723371A4ECC7FC31 /* [CP] Check Pods Manifest.lock */ = {
			isa = PBXShellScriptBuildPhase;
			buildActionMask = 2147483647;
			files = (
			);
			inputFileListPaths = (
			);
			inputPaths = (
				"${PODS_PODFILE_DIR_PATH}/Podfile.lock",
				"${PODS_ROOT}/Manifest.lock",
			);
			name = "[CP] Check Pods Manifest.lock";
			outputFileListPaths = (
			);
			outputPaths = (
				"$(DERIVED_FILE_DIR)/Pods-ToDoListhps-checkManifestLockResult.txt",
			);
			runOnlyForDeploymentPostprocessing = 0;
			shellPath = /bin/sh;
			shellScript = "diff \"${PODS_PODFILE_DIR_PATH}/Podfile.lock\" \"${PODS_ROOT}/Manifest.lock\" > /dev/null\nif [ $? != 0 ] ; then\n    # print error to STDERR\n    echo \"error: The sandbox is not in sync with the Podfile.lock. Run 'pod install' or update your CocoaPods installation.\" >&2\n    exit 1\nfi\n# This output is used by Xcode 'outputs' to avoid re-running this script phase.\necho \"SUCCESS\" > \"${SCRIPT_OUTPUT_FILE_0}\"\n";
			showEnvVarsInLog = 0;
		};
		C9055587EC5EBFDC9170E6C1 /* [CP] Embed Pods Frameworks */ = {
			isa = PBXShellScriptBuildPhase;
			buildActionMask = 2147483647;
			files = (
			);
			inputFileListPaths = (
				"${PODS_ROOT}/Target Support Files/Pods-ToDoListhps/Pods-ToDoListhps-frameworks-${CONFIGURATION}-input-files.xcfilelist",
			);
			name = "[CP] Embed Pods Frameworks";
			outputFileListPaths = (
				"${PODS_ROOT}/Target Support Files/Pods-ToDoListhps/Pods-ToDoListhps-frameworks-${CONFIGURATION}-output-files.xcfilelist",
			);
			runOnlyForDeploymentPostprocessing = 0;
			shellPath = /bin/sh;
			shellScript = "\"${PODS_ROOT}/Target Support Files/Pods-ToDoListhps/Pods-ToDoListhps-frameworks.sh\"\n";
			showEnvVarsInLog = 0;
		};
/* End PBXShellScriptBuildPhase section */

/* Begin PBXSourcesBuildPhase section */
		55A522932BF10861004DBA3B /* Sources */ = {
			isa = PBXSourcesBuildPhase;
			buildActionMask = 2147483647;
			files = (
				55A5229F2BF10861004DBA3B /* ViewController.swift in Sources */,
				55A5229B2BF10861004DBA3B /* AppDelegate.swift in Sources */,
				5570054F2BF98AC500CC0337 /* Checkbox.swift in Sources */,
				55A5229D2BF10861004DBA3B /* SceneDelegate.swift in Sources */,
				5581A98F2BF8D60F00E0BCE9 /* TodoListTableViewCell.swift in Sources */,
				55E590F42BF796DC00EEF68C /* MainViewController.swift in Sources */,
			);
			runOnlyForDeploymentPostprocessing = 0;
		};
/* End PBXSourcesBuildPhase section */

/* Begin PBXVariantGroup section */
		55A522A52BF10862004DBA3B /* LaunchScreen.storyboard */ = {
			isa = PBXVariantGroup;
			children = (
				55A522A62BF10862004DBA3B /* Base */,
			);
			name = LaunchScreen.storyboard;
			sourceTree = "<group>";
		};
/* End PBXVariantGroup section */

/* Begin XCBuildConfiguration section */
		55A522A92BF10862004DBA3B /* Debug */ = {
			isa = XCBuildConfiguration;
			buildSettings = {
				ALWAYS_SEARCH_USER_PATHS = NO;
				ASSETCATALOG_COMPILER_GENERATE_SWIFT_ASSET_SYMBOL_EXTENSIONS = YES;
				CLANG_ANALYZER_NONNULL = YES;
				CLANG_ANALYZER_NUMBER_OBJECT_CONVERSION = YES_AGGRESSIVE;
				CLANG_CXX_LANGUAGE_STANDARD = "gnu++20";
				CLANG_ENABLE_MODULES = YES;
				CLANG_ENABLE_OBJC_ARC = YES;
				CLANG_ENABLE_OBJC_WEAK = YES;
				CLANG_WARN_BLOCK_CAPTURE_AUTORELEASING = YES;
				CLANG_WARN_BOOL_CONVERSION = YES;
				CLANG_WARN_COMMA = YES;
				CLANG_WARN_CONSTANT_CONVERSION = YES;
				CLANG_WARN_DEPRECATED_OBJC_IMPLEMENTATIONS = YES;
				CLANG_WARN_DIRECT_OBJC_ISA_USAGE = YES_ERROR;
				CLANG_WARN_DOCUMENTATION_COMMENTS = YES;
				CLANG_WARN_EMPTY_BODY = YES;
				CLANG_WARN_ENUM_CONVERSION = YES;
				CLANG_WARN_INFINITE_RECURSION = YES;
				CLANG_WARN_INT_CONVERSION = YES;
				CLANG_WARN_NON_LITERAL_NULL_CONVERSION = YES;
				CLANG_WARN_OBJC_IMPLICIT_RETAIN_SELF = YES;
				CLANG_WARN_OBJC_LITERAL_CONVERSION = YES;
				CLANG_WARN_OBJC_ROOT_CLASS = YES_ERROR;
				CLANG_WARN_QUOTED_INCLUDE_IN_FRAMEWORK_HEADER = YES;
				CLANG_WARN_RANGE_LOOP_ANALYSIS = YES;
				CLANG_WARN_STRICT_PROTOTYPES = YES;
				CLANG_WARN_SUSPICIOUS_MOVE = YES;
				CLANG_WARN_UNGUARDED_AVAILABILITY = YES_AGGRESSIVE;
				CLANG_WARN_UNREACHABLE_CODE = YES;
				CLANG_WARN__DUPLICATE_METHOD_MATCH = YES;
				COPY_PHASE_STRIP = NO;
				DEBUG_INFORMATION_FORMAT = dwarf;
				ENABLE_STRICT_OBJC_MSGSEND = YES;
				ENABLE_TESTABILITY = YES;
				ENABLE_USER_SCRIPT_SANDBOXING = YES;
				GCC_C_LANGUAGE_STANDARD = gnu17;
				GCC_DYNAMIC_NO_PIC = NO;
				GCC_NO_COMMON_BLOCKS = YES;
				GCC_OPTIMIZATION_LEVEL = 0;
				GCC_PREPROCESSOR_DEFINITIONS = (
					"DEBUG=1",
					"$(inherited)",
				);
				GCC_WARN_64_TO_32_BIT_CONVERSION = YES;
				GCC_WARN_ABOUT_RETURN_TYPE = YES_ERROR;
				GCC_WARN_UNDECLARED_SELECTOR = YES;
				GCC_WARN_UNINITIALIZED_AUTOS = YES_AGGRESSIVE;
				GCC_WARN_UNUSED_FUNCTION = YES;
				GCC_WARN_UNUSED_VARIABLE = YES;
				IPHONEOS_DEPLOYMENT_TARGET = 17.4;
				LOCALIZATION_PREFERS_STRING_CATALOGS = YES;
				MTL_ENABLE_DEBUG_INFO = INCLUDE_SOURCE;
				MTL_FAST_MATH = YES;
				ONLY_ACTIVE_ARCH = YES;
				SDKROOT = iphoneos;
				SWIFT_ACTIVE_COMPILATION_CONDITIONS = "DEBUG $(inherited)";
				SWIFT_OPTIMIZATION_LEVEL = "-Onone";
			};
			name = Debug;
		};
		55A522AA2BF10862004DBA3B /* Release */ = {
			isa = XCBuildConfiguration;
			buildSettings = {
				ALWAYS_SEARCH_USER_PATHS = NO;
				ASSETCATALOG_COMPILER_GENERATE_SWIFT_ASSET_SYMBOL_EXTENSIONS = YES;
				CLANG_ANALYZER_NONNULL = YES;
				CLANG_ANALYZER_NUMBER_OBJECT_CONVERSION = YES_AGGRESSIVE;
				CLANG_CXX_LANGUAGE_STANDARD = "gnu++20";
				CLANG_ENABLE_MODULES = YES;
				CLANG_ENABLE_OBJC_ARC = YES;
				CLANG_ENABLE_OBJC_WEAK = YES;
				CLANG_WARN_BLOCK_CAPTURE_AUTORELEASING = YES;
				CLANG_WARN_BOOL_CONVERSION = YES;
				CLANG_WARN_COMMA = YES;
				CLANG_WARN_CONSTANT_CONVERSION = YES;
				CLANG_WARN_DEPRECATED_OBJC_IMPLEMENTATIONS = YES;
				CLANG_WARN_DIRECT_OBJC_ISA_USAGE = YES_ERROR;
				CLANG_WARN_DOCUMENTATION_COMMENTS = YES;
				CLANG_WARN_EMPTY_BODY = YES;
				CLANG_WARN_ENUM_CONVERSION = YES;
				CLANG_WARN_INFINITE_RECURSION = YES;
				CLANG_WARN_INT_CONVERSION = YES;
				CLANG_WARN_NON_LITERAL_NULL_CONVERSION = YES;
				CLANG_WARN_OBJC_IMPLICIT_RETAIN_SELF = YES;
				CLANG_WARN_OBJC_LITERAL_CONVERSION = YES;
				CLANG_WARN_OBJC_ROOT_CLASS = YES_ERROR;
				CLANG_WARN_QUOTED_INCLUDE_IN_FRAMEWORK_HEADER = YES;
				CLANG_WARN_RANGE_LOOP_ANALYSIS = YES;
				CLANG_WARN_STRICT_PROTOTYPES = YES;
				CLANG_WARN_SUSPICIOUS_MOVE = YES;
				CLANG_WARN_UNGUARDED_AVAILABILITY = YES_AGGRESSIVE;
				CLANG_WARN_UNREACHABLE_CODE = YES;
				CLANG_WARN__DUPLICATE_METHOD_MATCH = YES;
				COPY_PHASE_STRIP = NO;
				DEBUG_INFORMATION_FORMAT = "dwarf-with-dsym";
				ENABLE_NS_ASSERTIONS = NO;
				ENABLE_STRICT_OBJC_MSGSEND = YES;
				ENABLE_USER_SCRIPT_SANDBOXING = YES;
				GCC_C_LANGUAGE_STANDARD = gnu17;
				GCC_NO_COMMON_BLOCKS = YES;
				GCC_WARN_64_TO_32_BIT_CONVERSION = YES;
				GCC_WARN_ABOUT_RETURN_TYPE = YES_ERROR;
				GCC_WARN_UNDECLARED_SELECTOR = YES;
				GCC_WARN_UNINITIALIZED_AUTOS = YES_AGGRESSIVE;
				GCC_WARN_UNUSED_FUNCTION = YES;
				GCC_WARN_UNUSED_VARIABLE = YES;
				IPHONEOS_DEPLOYMENT_TARGET = 17.4;
				LOCALIZATION_PREFERS_STRING_CATALOGS = YES;
				MTL_ENABLE_DEBUG_INFO = NO;
				MTL_FAST_MATH = YES;
				SDKROOT = iphoneos;
				SWIFT_COMPILATION_MODE = wholemodule;
				VALIDATE_PRODUCT = YES;
			};
			name = Release;
		};
		55A522AC2BF10862004DBA3B /* Debug */ = {
			isa = XCBuildConfiguration;
			baseConfigurationReference = 1039095AFE48C3267D8823DA /* Pods-ToDoListhps.debug.xcconfig */;
			buildSettings = {
				ASSETCATALOG_COMPILER_APPICON_NAME = AppIcon;
				ASSETCATALOG_COMPILER_GLOBAL_ACCENT_COLOR_NAME = AccentColor;
				CODE_SIGN_STYLE = Automatic;
				CURRENT_PROJECT_VERSION = 1;
				ENABLE_USER_SCRIPT_SANDBOXING = NO;
				GENERATE_INFOPLIST_FILE = YES;
				INFOPLIST_FILE = ToDoListhps/Info.plist;
				INFOPLIST_KEY_UIApplicationSupportsIndirectInputEvents = YES;
				INFOPLIST_KEY_UILaunchStoryboardName = LaunchScreen;
				INFOPLIST_KEY_UISupportedInterfaceOrientations_iPad = "UIInterfaceOrientationPortrait UIInterfaceOrientationPortraitUpsideDown UIInterfaceOrientationLandscapeLeft UIInterfaceOrientationLandscapeRight";
				INFOPLIST_KEY_UISupportedInterfaceOrientations_iPhone = "UIInterfaceOrientationPortrait UIInterfaceOrientationLandscapeLeft UIInterfaceOrientationLandscapeRight";
				LD_RUNPATH_SEARCH_PATHS = (
					"$(inherited)",
					"@executable_path/Frameworks",
				);
				MARKETING_VERSION = 1.0;
				PRODUCT_BUNDLE_IDENTIFIER = iOS.ToDoListhps;
				PRODUCT_NAME = "$(TARGET_NAME)";
				SWIFT_EMIT_LOC_STRINGS = YES;
				SWIFT_VERSION = 5.0;
				TARGETED_DEVICE_FAMILY = "1,2";
			};
			name = Debug;
		};
		55A522AD2BF10862004DBA3B /* Release */ = {
			isa = XCBuildConfiguration;
			baseConfigurationReference = 34DDF58F4A6C3AF9C7F74B55 /* Pods-ToDoListhps.release.xcconfig */;
			buildSettings = {
				ASSETCATALOG_COMPILER_APPICON_NAME = AppIcon;
				ASSETCATALOG_COMPILER_GLOBAL_ACCENT_COLOR_NAME = AccentColor;
				CODE_SIGN_STYLE = Automatic;
				CURRENT_PROJECT_VERSION = 1;
				ENABLE_USER_SCRIPT_SANDBOXING = NO;
				GENERATE_INFOPLIST_FILE = YES;
				INFOPLIST_FILE = ToDoListhps/Info.plist;
				INFOPLIST_KEY_UIApplicationSupportsIndirectInputEvents = YES;
				INFOPLIST_KEY_UILaunchStoryboardName = LaunchScreen;
				INFOPLIST_KEY_UISupportedInterfaceOrientations_iPad = "UIInterfaceOrientationPortrait UIInterfaceOrientationPortraitUpsideDown UIInterfaceOrientationLandscapeLeft UIInterfaceOrientationLandscapeRight";
				INFOPLIST_KEY_UISupportedInterfaceOrientations_iPhone = "UIInterfaceOrientationPortrait UIInterfaceOrientationLandscapeLeft UIInterfaceOrientationLandscapeRight";
				LD_RUNPATH_SEARCH_PATHS = (
					"$(inherited)",
					"@executable_path/Frameworks",
				);
				MARKETING_VERSION = 1.0;
				PRODUCT_BUNDLE_IDENTIFIER = iOS.ToDoListhps;
				PRODUCT_NAME = "$(TARGET_NAME)";
				SWIFT_EMIT_LOC_STRINGS = YES;
				SWIFT_VERSION = 5.0;
				TARGETED_DEVICE_FAMILY = "1,2";
			};
			name = Release;
		};
/* End XCBuildConfiguration section */

/* Begin XCConfigurationList section */
		55A522922BF10861004DBA3B /* Build configuration list for PBXProject "ToDoListhps" */ = {
			isa = XCConfigurationList;
			buildConfigurations = (
				55A522A92BF10862004DBA3B /* Debug */,
				55A522AA2BF10862004DBA3B /* Release */,
			);
			defaultConfigurationIsVisible = 0;
			defaultConfigurationName = Release;
		};
		55A522AB2BF10862004DBA3B /* Build configuration list for PBXNativeTarget "ToDoListhps" */ = {
			isa = XCConfigurationList;
			buildConfigurations = (
				55A522AC2BF10862004DBA3B /* Debug */,
				55A522AD2BF10862004DBA3B /* Release */,
			);
			defaultConfigurationIsVisible = 0;
			defaultConfigurationName = Release;
		};
/* End XCConfigurationList section */
	};
	rootObject = 55A5228F2BF10861004DBA3B /* Project object */;
}
